// !$*UTF8*$!
{
	archiveVersion = 1;
	classes = {
	};
	objectVersion = 56;
	objects = {

/* Begin PBXBuildFile section */
		1D0C0FE32B057E1700882F2D /* ErrorView.swift in Sources */ = {isa = PBXBuildFile; fileRef = 1D0C0FE22B057E1700882F2D /* ErrorView.swift */; };
		1D0C0FE52B057E1C00882F2D /* RootView.swift in Sources */ = {isa = PBXBuildFile; fileRef = 1D0C0FE42B057E1C00882F2D /* RootView.swift */; };
		1D0C0FE72B057E2200882F2D /* RootViewModel.swift in Sources */ = {isa = PBXBuildFile; fileRef = 1D0C0FE62B057E2200882F2D /* RootViewModel.swift */; };
		1D0C0FEB2B05819700882F2D /* Detail.swift in Sources */ = {isa = PBXBuildFile; fileRef = 1D0C0FEA2B05819700882F2D /* Detail.swift */; };
		1D0C0FED2B05861D00882F2D /* Comics.swift in Sources */ = {isa = PBXBuildFile; fileRef = 1D0C0FEC2B05861D00882F2D /* Comics.swift */; };
		1D0C0FEF2B058DE700882F2D /* DetailRow.swift in Sources */ = {isa = PBXBuildFile; fileRef = 1D0C0FEE2B058DE700882F2D /* DetailRow.swift */; };
		1D0C0FF12B05980D00882F2D /* DetailViewModel.swift in Sources */ = {isa = PBXBuildFile; fileRef = 1D0C0FF02B05980D00882F2D /* DetailViewModel.swift */; };
		1D6919332B0695600002E5BE /* LoadingTest.swift in Sources */ = {isa = PBXBuildFile; fileRef = 1D6919322B0695600002E5BE /* LoadingTest.swift */; };
		1D6919362B0695840002E5BE /* ViewInspector in Frameworks */ = {isa = PBXBuildFile; productRef = 1D6919352B0695840002E5BE /* ViewInspector */; };
		1DA6AF442B0401BA005653D2 /* marvel_practica_swiftuiApp.swift in Sources */ = {isa = PBXBuildFile; fileRef = 1DA6AF432B0401BA005653D2 /* marvel_practica_swiftuiApp.swift */; };
		1DA6AF462B0401BA005653D2 /* Home.swift in Sources */ = {isa = PBXBuildFile; fileRef = 1DA6AF452B0401BA005653D2 /* Home.swift */; };
		1DA6AF482B0401BD005653D2 /* Assets.xcassets in Resources */ = {isa = PBXBuildFile; fileRef = 1DA6AF472B0401BD005653D2 /* Assets.xcassets */; };
		1DA6AF4C2B0401BD005653D2 /* Preview Assets.xcassets in Resources */ = {isa = PBXBuildFile; fileRef = 1DA6AF4B2B0401BD005653D2 /* Preview Assets.xcassets */; };
		1DA6AF562B0401BE005653D2 /* marvel_practica_swiftuiTests.swift in Sources */ = {isa = PBXBuildFile; fileRef = 1DA6AF552B0401BE005653D2 /* marvel_practica_swiftuiTests.swift */; };
		1DA6AF602B0401BE005653D2 /* marvel_practica_swiftuiUITests.swift in Sources */ = {isa = PBXBuildFile; fileRef = 1DA6AF5F2B0401BE005653D2 /* marvel_practica_swiftuiUITests.swift */; };
		1DA6AF622B0401BE005653D2 /* marvel_practica_swiftuiUITestsLaunchTests.swift in Sources */ = {isa = PBXBuildFile; fileRef = 1DA6AF612B0401BE005653D2 /* marvel_practica_swiftuiUITestsLaunchTests.swift */; };
		1DA6AF7C2B040ED0005653D2 /* Character.swift in Sources */ = {isa = PBXBuildFile; fileRef = 1DA6AF7B2B040ED0005653D2 /* Character.swift */; };
		1DA6AF7E2B040F86005653D2 /* Status.swift in Sources */ = {isa = PBXBuildFile; fileRef = 1DA6AF7D2B040F86005653D2 /* Status.swift */; };
		1DA6AF812B0410B2005653D2 /* Networker.swift in Sources */ = {isa = PBXBuildFile; fileRef = 1DA6AF802B0410B2005653D2 /* Networker.swift */; };
		1DA6AF842B04110A005653D2 /* MarvelRequestMaker.swift in Sources */ = {isa = PBXBuildFile; fileRef = 1DA6AF832B04110A005653D2 /* MarvelRequestMaker.swift */; };
		1DA6AF862B041154005653D2 /* HTTPMethods.swift in Sources */ = {isa = PBXBuildFile; fileRef = 1DA6AF852B041154005653D2 /* HTTPMethods.swift */; };
		1DA6AF8A2B041695005653D2 /* CharacterServiceProtocol.swift in Sources */ = {isa = PBXBuildFile; fileRef = 1DA6AF892B041695005653D2 /* CharacterServiceProtocol.swift */; };
		1DA6AF8C2B0416BC005653D2 /* CharacterService.swift in Sources */ = {isa = PBXBuildFile; fileRef = 1DA6AF8B2B0416BC005653D2 /* CharacterService.swift */; };
		1DA6AF8E2B0417A4005653D2 /* CharacterServiceMock.swift in Sources */ = {isa = PBXBuildFile; fileRef = 1DA6AF8D2B0417A4005653D2 /* CharacterServiceMock.swift */; };
		1DA6AF902B042735005653D2 /* HomeRow.swift in Sources */ = {isa = PBXBuildFile; fileRef = 1DA6AF8F2B042735005653D2 /* HomeRow.swift */; };
		1DBAF1622B056EE800B2AA76 /* Loading.swift in Sources */ = {isa = PBXBuildFile; fileRef = 1DBAF1612B056EE800B2AA76 /* Loading.swift */; };
/* End PBXBuildFile section */

/* Begin PBXContainerItemProxy section */
		1DA6AF522B0401BD005653D2 /* PBXContainerItemProxy */ = {
			isa = PBXContainerItemProxy;
			containerPortal = 1DA6AF382B0401BA005653D2 /* Project object */;
			proxyType = 1;
			remoteGlobalIDString = 1DA6AF3F2B0401BA005653D2;
			remoteInfo = "marvel-practica-swiftui";
		};
		1DA6AF5C2B0401BE005653D2 /* PBXContainerItemProxy */ = {
			isa = PBXContainerItemProxy;
			containerPortal = 1DA6AF382B0401BA005653D2 /* Project object */;
			proxyType = 1;
			remoteGlobalIDString = 1DA6AF3F2B0401BA005653D2;
			remoteInfo = "marvel-practica-swiftui";
		};
/* End PBXContainerItemProxy section */

/* Begin PBXFileReference section */
		1D0C0FE22B057E1700882F2D /* ErrorView.swift */ = {isa = PBXFileReference; lastKnownFileType = sourcecode.swift; path = ErrorView.swift; sourceTree = "<group>"; };
		1D0C0FE42B057E1C00882F2D /* RootView.swift */ = {isa = PBXFileReference; lastKnownFileType = sourcecode.swift; path = RootView.swift; sourceTree = "<group>"; };
		1D0C0FE62B057E2200882F2D /* RootViewModel.swift */ = {isa = PBXFileReference; lastKnownFileType = sourcecode.swift; path = RootViewModel.swift; sourceTree = "<group>"; };
		1D0C0FEA2B05819700882F2D /* Detail.swift */ = {isa = PBXFileReference; lastKnownFileType = sourcecode.swift; path = Detail.swift; sourceTree = "<group>"; };
		1D0C0FEC2B05861D00882F2D /* Comics.swift */ = {isa = PBXFileReference; lastKnownFileType = sourcecode.swift; path = Comics.swift; sourceTree = "<group>"; };
		1D0C0FEE2B058DE700882F2D /* DetailRow.swift */ = {isa = PBXFileReference; lastKnownFileType = sourcecode.swift; path = DetailRow.swift; sourceTree = "<group>"; };
		1D0C0FF02B05980D00882F2D /* DetailViewModel.swift */ = {isa = PBXFileReference; lastKnownFileType = sourcecode.swift; path = DetailViewModel.swift; sourceTree = "<group>"; };
		1D6919322B0695600002E5BE /* LoadingTest.swift */ = {isa = PBXFileReference; lastKnownFileType = sourcecode.swift; path = LoadingTest.swift; sourceTree = "<group>"; };
		1D6919372B0697F60002E5BE /* marvel-practica-swiftui.xctestplan */ = {isa = PBXFileReference; lastKnownFileType = text; path = "marvel-practica-swiftui.xctestplan"; sourceTree = "<group>"; };
		1DA6AF402B0401BA005653D2 /* marvel-practica-swiftui.app */ = {isa = PBXFileReference; explicitFileType = wrapper.application; includeInIndex = 0; path = "marvel-practica-swiftui.app"; sourceTree = BUILT_PRODUCTS_DIR; };
		1DA6AF432B0401BA005653D2 /* marvel_practica_swiftuiApp.swift */ = {isa = PBXFileReference; lastKnownFileType = sourcecode.swift; path = marvel_practica_swiftuiApp.swift; sourceTree = "<group>"; };
		1DA6AF452B0401BA005653D2 /* Home.swift */ = {isa = PBXFileReference; lastKnownFileType = sourcecode.swift; path = Home.swift; sourceTree = "<group>"; };
		1DA6AF472B0401BD005653D2 /* Assets.xcassets */ = {isa = PBXFileReference; lastKnownFileType = folder.assetcatalog; path = Assets.xcassets; sourceTree = "<group>"; };
		1DA6AF492B0401BD005653D2 /* marvel_practica_swiftui.entitlements */ = {isa = PBXFileReference; lastKnownFileType = text.plist.entitlements; path = marvel_practica_swiftui.entitlements; sourceTree = "<group>"; };
		1DA6AF4B2B0401BD005653D2 /* Preview Assets.xcassets */ = {isa = PBXFileReference; lastKnownFileType = folder.assetcatalog; path = "Preview Assets.xcassets"; sourceTree = "<group>"; };
		1DA6AF512B0401BD005653D2 /* marvel-practica-swiftuiTests.xctest */ = {isa = PBXFileReference; explicitFileType = wrapper.cfbundle; includeInIndex = 0; path = "marvel-practica-swiftuiTests.xctest"; sourceTree = BUILT_PRODUCTS_DIR; };
		1DA6AF552B0401BE005653D2 /* marvel_practica_swiftuiTests.swift */ = {isa = PBXFileReference; lastKnownFileType = sourcecode.swift; path = marvel_practica_swiftuiTests.swift; sourceTree = "<group>"; };
		1DA6AF5B2B0401BE005653D2 /* marvel-practica-swiftuiUITests.xctest */ = {isa = PBXFileReference; explicitFileType = wrapper.cfbundle; includeInIndex = 0; path = "marvel-practica-swiftuiUITests.xctest"; sourceTree = BUILT_PRODUCTS_DIR; };
		1DA6AF5F2B0401BE005653D2 /* marvel_practica_swiftuiUITests.swift */ = {isa = PBXFileReference; lastKnownFileType = sourcecode.swift; path = marvel_practica_swiftuiUITests.swift; sourceTree = "<group>"; };
		1DA6AF612B0401BE005653D2 /* marvel_practica_swiftuiUITestsLaunchTests.swift */ = {isa = PBXFileReference; lastKnownFileType = sourcecode.swift; path = marvel_practica_swiftuiUITestsLaunchTests.swift; sourceTree = "<group>"; };
		1DA6AF6E2B040321005653D2 /* Info.plist */ = {isa = PBXFileReference; lastKnownFileType = text.plist.xml; path = Info.plist; sourceTree = "<group>"; };
		1DA6AF7B2B040ED0005653D2 /* Character.swift */ = {isa = PBXFileReference; lastKnownFileType = sourcecode.swift; path = Character.swift; sourceTree = "<group>"; };
		1DA6AF7D2B040F86005653D2 /* Status.swift */ = {isa = PBXFileReference; lastKnownFileType = sourcecode.swift; path = Status.swift; sourceTree = "<group>"; };
		1DA6AF802B0410B2005653D2 /* Networker.swift */ = {isa = PBXFileReference; lastKnownFileType = sourcecode.swift; path = Networker.swift; sourceTree = "<group>"; };
		1DA6AF832B04110A005653D2 /* MarvelRequestMaker.swift */ = {isa = PBXFileReference; lastKnownFileType = sourcecode.swift; path = MarvelRequestMaker.swift; sourceTree = "<group>"; };
		1DA6AF852B041154005653D2 /* HTTPMethods.swift */ = {isa = PBXFileReference; lastKnownFileType = sourcecode.swift; path = HTTPMethods.swift; sourceTree = "<group>"; };
		1DA6AF892B041695005653D2 /* CharacterServiceProtocol.swift */ = {isa = PBXFileReference; lastKnownFileType = sourcecode.swift; path = CharacterServiceProtocol.swift; sourceTree = "<group>"; };
		1DA6AF8B2B0416BC005653D2 /* CharacterService.swift */ = {isa = PBXFileReference; lastKnownFileType = sourcecode.swift; path = CharacterService.swift; sourceTree = "<group>"; };
		1DA6AF8D2B0417A4005653D2 /* CharacterServiceMock.swift */ = {isa = PBXFileReference; lastKnownFileType = sourcecode.swift; path = CharacterServiceMock.swift; sourceTree = "<group>"; };
		1DA6AF8F2B042735005653D2 /* HomeRow.swift */ = {isa = PBXFileReference; lastKnownFileType = sourcecode.swift; path = HomeRow.swift; sourceTree = "<group>"; };
		1DBAF1612B056EE800B2AA76 /* Loading.swift */ = {isa = PBXFileReference; lastKnownFileType = sourcecode.swift; path = Loading.swift; sourceTree = "<group>"; };
/* End PBXFileReference section */

/* Begin PBXFrameworksBuildPhase section */
		1DA6AF3D2B0401BA005653D2 /* Frameworks */ = {
			isa = PBXFrameworksBuildPhase;
			buildActionMask = 2147483647;
			files = (
			);
			runOnlyForDeploymentPostprocessing = 0;
		};
		1DA6AF4E2B0401BD005653D2 /* Frameworks */ = {
			isa = PBXFrameworksBuildPhase;
			buildActionMask = 2147483647;
			files = (
				1D6919362B0695840002E5BE /* ViewInspector in Frameworks */,
			);
			runOnlyForDeploymentPostprocessing = 0;
		};
		1DA6AF582B0401BE005653D2 /* Frameworks */ = {
			isa = PBXFrameworksBuildPhase;
			buildActionMask = 2147483647;
			files = (
			);
			runOnlyForDeploymentPostprocessing = 0;
		};
/* End PBXFrameworksBuildPhase section */

/* Begin PBXGroup section */
		1D0C0FE82B057E3F00882F2D /* RootView */ = {
			isa = PBXGroup;
			children = (
				1D0C0FE42B057E1C00882F2D /* RootView.swift */,
				1D0C0FE62B057E2200882F2D /* RootViewModel.swift */,
			);
			path = RootView;
			sourceTree = "<group>";
		};
		1D0C0FE92B05818400882F2D /* Detail */ = {
			isa = PBXGroup;
			children = (
				1D0C0FEA2B05819700882F2D /* Detail.swift */,
				1D0C0FEE2B058DE700882F2D /* DetailRow.swift */,
				1D0C0FF02B05980D00882F2D /* DetailViewModel.swift */,
			);
			path = Detail;
			sourceTree = "<group>";
		};
		1D6919302B0695470002E5BE /* UI */ = {
			isa = PBXGroup;
			children = (
				1D6919312B06954D0002E5BE /* Loading */,
			);
			path = UI;
			sourceTree = "<group>";
		};
		1D6919312B06954D0002E5BE /* Loading */ = {
			isa = PBXGroup;
			children = (
				1D6919322B0695600002E5BE /* LoadingTest.swift */,
			);
			path = Loading;
			sourceTree = "<group>";
		};
		1DA6AF372B0401BA005653D2 = {
			isa = PBXGroup;
			children = (
				1DA6AF422B0401BA005653D2 /* marvel-practica-swiftui */,
				1DA6AF542B0401BD005653D2 /* marvel-practica-swiftuiTests */,
				1DA6AF5E2B0401BE005653D2 /* marvel-practica-swiftuiUITests */,
				1DA6AF412B0401BA005653D2 /* Products */,
			);
			sourceTree = "<group>";
		};
		1DA6AF412B0401BA005653D2 /* Products */ = {
			isa = PBXGroup;
			children = (
				1DA6AF402B0401BA005653D2 /* marvel-practica-swiftui.app */,
				1DA6AF512B0401BD005653D2 /* marvel-practica-swiftuiTests.xctest */,
				1DA6AF5B2B0401BE005653D2 /* marvel-practica-swiftuiUITests.xctest */,
			);
			name = Products;
			sourceTree = "<group>";
		};
		1DA6AF422B0401BA005653D2 /* marvel-practica-swiftui */ = {
			isa = PBXGroup;
			children = (
				1DA6AF712B040375005653D2 /* UI */,
				1DA6AF702B04036F005653D2 /* Domain */,
				1DA6AF6F2B04036A005653D2 /* App */,
				1DA6AF722B04037C005653D2 /* Resources */,
				1DA6AF492B0401BD005653D2 /* marvel_practica_swiftui.entitlements */,
				1DA6AF6E2B040321005653D2 /* Info.plist */,
				1DA6AF4A2B0401BD005653D2 /* Preview Content */,
			);
			path = "marvel-practica-swiftui";
			sourceTree = "<group>";
		};
		1DA6AF4A2B0401BD005653D2 /* Preview Content */ = {
			isa = PBXGroup;
			children = (
				1DA6AF4B2B0401BD005653D2 /* Preview Assets.xcassets */,
			);
			path = "Preview Content";
			sourceTree = "<group>";
		};
		1DA6AF542B0401BD005653D2 /* marvel-practica-swiftuiTests */ = {
			isa = PBXGroup;
			children = (
				1D6919302B0695470002E5BE /* UI */,
				1DA6AF552B0401BE005653D2 /* marvel_practica_swiftuiTests.swift */,
			);
			path = "marvel-practica-swiftuiTests";
			sourceTree = "<group>";
		};
		1DA6AF5E2B0401BE005653D2 /* marvel-practica-swiftuiUITests */ = {
			isa = PBXGroup;
			children = (
				1DA6AF5F2B0401BE005653D2 /* marvel_practica_swiftuiUITests.swift */,
				1DA6AF612B0401BE005653D2 /* marvel_practica_swiftuiUITestsLaunchTests.swift */,
			);
			path = "marvel-practica-swiftuiUITests";
			sourceTree = "<group>";
		};
		1DA6AF6F2B04036A005653D2 /* App */ = {
			isa = PBXGroup;
			children = (
				1D6919372B0697F60002E5BE /* marvel-practica-swiftui.xctestplan */,
				1DA6AF432B0401BA005653D2 /* marvel_practica_swiftuiApp.swift */,
			);
			path = App;
			sourceTree = "<group>";
		};
		1DA6AF702B04036F005653D2 /* Domain */ = {
			isa = PBXGroup;
			children = (
				1DA6AF872B041677005653D2 /* Services */,
				1DA6AF7F2B041097005653D2 /* Network */,
				1DA6AF7A2B040EC0005653D2 /* Models */,
			);
			path = Domain;
			sourceTree = "<group>";
		};
		1DA6AF712B040375005653D2 /* UI */ = {
			isa = PBXGroup;
			children = (
				1DBAF15D2B056BA900B2AA76 /* Loading */,
				1DA6AF752B0406C5005653D2 /* Home */,
				1DA6AF742B0404A7005653D2 /* Error */,
				1D0C0FE82B057E3F00882F2D /* RootView */,
			);
			path = UI;
			sourceTree = "<group>";
		};
		1DA6AF722B04037C005653D2 /* Resources */ = {
			isa = PBXGroup;
			children = (
				1DA6AF472B0401BD005653D2 /* Assets.xcassets */,
			);
			path = Resources;
			sourceTree = "<group>";
		};
		1DA6AF742B0404A7005653D2 /* Error */ = {
			isa = PBXGroup;
			children = (
				1D0C0FE22B057E1700882F2D /* ErrorView.swift */,
			);
			path = Error;
			sourceTree = "<group>";
		};
		1DA6AF752B0406C5005653D2 /* Home */ = {
			isa = PBXGroup;
			children = (
				1D0C0FE92B05818400882F2D /* Detail */,
				1DA6AF452B0401BA005653D2 /* Home.swift */,
				1DA6AF8F2B042735005653D2 /* HomeRow.swift */,
			);
			path = Home;
			sourceTree = "<group>";
		};
		1DA6AF7A2B040EC0005653D2 /* Models */ = {
			isa = PBXGroup;
			children = (
				1DA6AF7B2B040ED0005653D2 /* Character.swift */,
				1DA6AF7D2B040F86005653D2 /* Status.swift */,
				1D0C0FEC2B05861D00882F2D /* Comics.swift */,
			);
			path = Models;
			sourceTree = "<group>";
		};
		1DA6AF7F2B041097005653D2 /* Network */ = {
			isa = PBXGroup;
			children = (
				1DA6AF802B0410B2005653D2 /* Networker.swift */,
				1DA6AF852B041154005653D2 /* HTTPMethods.swift */,
				1DA6AF822B0410F5005653D2 /* Marvel */,
			);
			path = Network;
			sourceTree = "<group>";
		};
		1DA6AF822B0410F5005653D2 /* Marvel */ = {
			isa = PBXGroup;
			children = (
				1DA6AF832B04110A005653D2 /* MarvelRequestMaker.swift */,
			);
			path = Marvel;
			sourceTree = "<group>";
		};
		1DA6AF872B041677005653D2 /* Services */ = {
			isa = PBXGroup;
			children = (
				1DA6AF882B04167E005653D2 /* CharacterService */,
			);
			path = Services;
			sourceTree = "<group>";
		};
		1DA6AF882B04167E005653D2 /* CharacterService */ = {
			isa = PBXGroup;
			children = (
				1DA6AF892B041695005653D2 /* CharacterServiceProtocol.swift */,
				1DA6AF8D2B0417A4005653D2 /* CharacterServiceMock.swift */,
				1DA6AF8B2B0416BC005653D2 /* CharacterService.swift */,
			);
			path = CharacterService;
			sourceTree = "<group>";
		};
		1DBAF15D2B056BA900B2AA76 /* Loading */ = {
			isa = PBXGroup;
			children = (
				1DBAF1612B056EE800B2AA76 /* Loading.swift */,
			);
			path = Loading;
			sourceTree = "<group>";
		};
/* End PBXGroup section */

/* Begin PBXNativeTarget section */
		1DA6AF3F2B0401BA005653D2 /* marvel-practica-swiftui */ = {
			isa = PBXNativeTarget;
			buildConfigurationList = 1DA6AF652B0401BE005653D2 /* Build configuration list for PBXNativeTarget "marvel-practica-swiftui" */;
			buildPhases = (
				1DA6AF3C2B0401BA005653D2 /* Sources */,
				1DA6AF3D2B0401BA005653D2 /* Frameworks */,
				1DA6AF3E2B0401BA005653D2 /* Resources */,
			);
			buildRules = (
			);
			dependencies = (
			);
			name = "marvel-practica-swiftui";
			productName = "marvel-practica-swiftui";
			productReference = 1DA6AF402B0401BA005653D2 /* marvel-practica-swiftui.app */;
			productType = "com.apple.product-type.application";
		};
		1DA6AF502B0401BD005653D2 /* marvel-practica-swiftuiTests */ = {
			isa = PBXNativeTarget;
			buildConfigurationList = 1DA6AF682B0401BE005653D2 /* Build configuration list for PBXNativeTarget "marvel-practica-swiftuiTests" */;
			buildPhases = (
				1DA6AF4D2B0401BD005653D2 /* Sources */,
				1DA6AF4E2B0401BD005653D2 /* Frameworks */,
				1DA6AF4F2B0401BD005653D2 /* Resources */,
			);
			buildRules = (
			);
			dependencies = (
				1DA6AF532B0401BD005653D2 /* PBXTargetDependency */,
			);
			name = "marvel-practica-swiftuiTests";
			packageProductDependencies = (
				1D6919352B0695840002E5BE /* ViewInspector */,
			);
			productName = "marvel-practica-swiftuiTests";
			productReference = 1DA6AF512B0401BD005653D2 /* marvel-practica-swiftuiTests.xctest */;
			productType = "com.apple.product-type.bundle.unit-test";
		};
		1DA6AF5A2B0401BE005653D2 /* marvel-practica-swiftuiUITests */ = {
			isa = PBXNativeTarget;
			buildConfigurationList = 1DA6AF6B2B0401BE005653D2 /* Build configuration list for PBXNativeTarget "marvel-practica-swiftuiUITests" */;
			buildPhases = (
				1DA6AF572B0401BE005653D2 /* Sources */,
				1DA6AF582B0401BE005653D2 /* Frameworks */,
				1DA6AF592B0401BE005653D2 /* Resources */,
			);
			buildRules = (
			);
			dependencies = (
				1DA6AF5D2B0401BE005653D2 /* PBXTargetDependency */,
			);
			name = "marvel-practica-swiftuiUITests";
			productName = "marvel-practica-swiftuiUITests";
			productReference = 1DA6AF5B2B0401BE005653D2 /* marvel-practica-swiftuiUITests.xctest */;
			productType = "com.apple.product-type.bundle.ui-testing";
		};
/* End PBXNativeTarget section */

/* Begin PBXProject section */
		1DA6AF382B0401BA005653D2 /* Project object */ = {
			isa = PBXProject;
			attributes = {
				BuildIndependentTargetsInParallel = 1;
				LastSwiftUpdateCheck = 1430;
				LastUpgradeCheck = 1430;
				TargetAttributes = {
					1DA6AF3F2B0401BA005653D2 = {
						CreatedOnToolsVersion = 14.3;
					};
					1DA6AF502B0401BD005653D2 = {
						CreatedOnToolsVersion = 14.3;
						TestTargetID = 1DA6AF3F2B0401BA005653D2;
					};
					1DA6AF5A2B0401BE005653D2 = {
						CreatedOnToolsVersion = 14.3;
						TestTargetID = 1DA6AF3F2B0401BA005653D2;
					};
				};
			};
			buildConfigurationList = 1DA6AF3B2B0401BA005653D2 /* Build configuration list for PBXProject "marvel-practica-swiftui" */;
			compatibilityVersion = "Xcode 14.0";
			developmentRegion = en;
			hasScannedForEncodings = 0;
			knownRegions = (
				en,
				Base,
			);
			mainGroup = 1DA6AF372B0401BA005653D2;
			packageReferences = (
				1D6919342B0695840002E5BE /* XCRemoteSwiftPackageReference "ViewInspector" */,
			);
			productRefGroup = 1DA6AF412B0401BA005653D2 /* Products */;
			projectDirPath = "";
			projectRoot = "";
			targets = (
				1DA6AF3F2B0401BA005653D2 /* marvel-practica-swiftui */,
				1DA6AF502B0401BD005653D2 /* marvel-practica-swiftuiTests */,
				1DA6AF5A2B0401BE005653D2 /* marvel-practica-swiftuiUITests */,
			);
		};
/* End PBXProject section */

/* Begin PBXResourcesBuildPhase section */
		1DA6AF3E2B0401BA005653D2 /* Resources */ = {
			isa = PBXResourcesBuildPhase;
			buildActionMask = 2147483647;
			files = (
				1DA6AF4C2B0401BD005653D2 /* Preview Assets.xcassets in Resources */,
				1DA6AF482B0401BD005653D2 /* Assets.xcassets in Resources */,
			);
			runOnlyForDeploymentPostprocessing = 0;
		};
		1DA6AF4F2B0401BD005653D2 /* Resources */ = {
			isa = PBXResourcesBuildPhase;
			buildActionMask = 2147483647;
			files = (
			);
			runOnlyForDeploymentPostprocessing = 0;
		};
		1DA6AF592B0401BE005653D2 /* Resources */ = {
			isa = PBXResourcesBuildPhase;
			buildActionMask = 2147483647;
			files = (
			);
			runOnlyForDeploymentPostprocessing = 0;
		};
/* End PBXResourcesBuildPhase section */

/* Begin PBXSourcesBuildPhase section */
		1DA6AF3C2B0401BA005653D2 /* Sources */ = {
			isa = PBXSourcesBuildPhase;
			buildActionMask = 2147483647;
			files = (
				1DA6AF902B042735005653D2 /* HomeRow.swift in Sources */,
				1DA6AF8A2B041695005653D2 /* CharacterServiceProtocol.swift in Sources */,
				1DA6AF812B0410B2005653D2 /* Networker.swift in Sources */,
				1DA6AF462B0401BA005653D2 /* Home.swift in Sources */,
				1DA6AF842B04110A005653D2 /* MarvelRequestMaker.swift in Sources */,
				1D0C0FEF2B058DE700882F2D /* DetailRow.swift in Sources */,
				1DBAF1622B056EE800B2AA76 /* Loading.swift in Sources */,
				1D0C0FF12B05980D00882F2D /* DetailViewModel.swift in Sources */,
				1DA6AF8E2B0417A4005653D2 /* CharacterServiceMock.swift in Sources */,
				1D0C0FED2B05861D00882F2D /* Comics.swift in Sources */,
				1DA6AF7C2B040ED0005653D2 /* Character.swift in Sources */,
				1DA6AF8C2B0416BC005653D2 /* CharacterService.swift in Sources */,
				1DA6AF862B041154005653D2 /* HTTPMethods.swift in Sources */,
				1D0C0FEB2B05819700882F2D /* Detail.swift in Sources */,
				1D0C0FE32B057E1700882F2D /* ErrorView.swift in Sources */,
				1DA6AF442B0401BA005653D2 /* marvel_practica_swiftuiApp.swift in Sources */,
				1DA6AF7E2B040F86005653D2 /* Status.swift in Sources */,
				1D0C0FE72B057E2200882F2D /* RootViewModel.swift in Sources */,
				1D0C0FE52B057E1C00882F2D /* RootView.swift in Sources */,
			);
			runOnlyForDeploymentPostprocessing = 0;
		};
		1DA6AF4D2B0401BD005653D2 /* Sources */ = {
			isa = PBXSourcesBuildPhase;
			buildActionMask = 2147483647;
			files = (
				1D6919332B0695600002E5BE /* LoadingTest.swift in Sources */,
				1DA6AF562B0401BE005653D2 /* marvel_practica_swiftuiTests.swift in Sources */,
			);
			runOnlyForDeploymentPostprocessing = 0;
		};
		1DA6AF572B0401BE005653D2 /* Sources */ = {
			isa = PBXSourcesBuildPhase;
			buildActionMask = 2147483647;
			files = (
				1DA6AF622B0401BE005653D2 /* marvel_practica_swiftuiUITestsLaunchTests.swift in Sources */,
				1DA6AF602B0401BE005653D2 /* marvel_practica_swiftuiUITests.swift in Sources */,
			);
			runOnlyForDeploymentPostprocessing = 0;
		};
/* End PBXSourcesBuildPhase section */

/* Begin PBXTargetDependency section */
		1DA6AF532B0401BD005653D2 /* PBXTargetDependency */ = {
			isa = PBXTargetDependency;
			target = 1DA6AF3F2B0401BA005653D2 /* marvel-practica-swiftui */;
			targetProxy = 1DA6AF522B0401BD005653D2 /* PBXContainerItemProxy */;
		};
		1DA6AF5D2B0401BE005653D2 /* PBXTargetDependency */ = {
			isa = PBXTargetDependency;
			target = 1DA6AF3F2B0401BA005653D2 /* marvel-practica-swiftui */;
			targetProxy = 1DA6AF5C2B0401BE005653D2 /* PBXContainerItemProxy */;
		};
/* End PBXTargetDependency section */

/* Begin XCBuildConfiguration section */
		1DA6AF632B0401BE005653D2 /* Debug */ = {
			isa = XCBuildConfiguration;
			buildSettings = {
				ALWAYS_SEARCH_USER_PATHS = NO;
				CLANG_ANALYZER_NONNULL = YES;
				CLANG_ANALYZER_NUMBER_OBJECT_CONVERSION = YES_AGGRESSIVE;
				CLANG_CXX_LANGUAGE_STANDARD = "gnu++20";
				CLANG_ENABLE_MODULES = YES;
				CLANG_ENABLE_OBJC_ARC = YES;
				CLANG_ENABLE_OBJC_WEAK = YES;
				CLANG_WARN_BLOCK_CAPTURE_AUTORELEASING = YES;
				CLANG_WARN_BOOL_CONVERSION = YES;
				CLANG_WARN_COMMA = YES;
				CLANG_WARN_CONSTANT_CONVERSION = YES;
				CLANG_WARN_DEPRECATED_OBJC_IMPLEMENTATIONS = YES;
				CLANG_WARN_DIRECT_OBJC_ISA_USAGE = YES_ERROR;
				CLANG_WARN_DOCUMENTATION_COMMENTS = YES;
				CLANG_WARN_EMPTY_BODY = YES;
				CLANG_WARN_ENUM_CONVERSION = YES;
				CLANG_WARN_INFINITE_RECURSION = YES;
				CLANG_WARN_INT_CONVERSION = YES;
				CLANG_WARN_NON_LITERAL_NULL_CONVERSION = YES;
				CLANG_WARN_OBJC_IMPLICIT_RETAIN_SELF = YES;
				CLANG_WARN_OBJC_LITERAL_CONVERSION = YES;
				CLANG_WARN_OBJC_ROOT_CLASS = YES_ERROR;
				CLANG_WARN_QUOTED_INCLUDE_IN_FRAMEWORK_HEADER = YES;
				CLANG_WARN_RANGE_LOOP_ANALYSIS = YES;
				CLANG_WARN_STRICT_PROTOTYPES = YES;
				CLANG_WARN_SUSPICIOUS_MOVE = YES;
				CLANG_WARN_UNGUARDED_AVAILABILITY = YES_AGGRESSIVE;
				CLANG_WARN_UNREACHABLE_CODE = YES;
				CLANG_WARN__DUPLICATE_METHOD_MATCH = YES;
				COPY_PHASE_STRIP = NO;
				DEBUG_INFORMATION_FORMAT = dwarf;
				ENABLE_STRICT_OBJC_MSGSEND = YES;
				ENABLE_TESTABILITY = YES;
				GCC_C_LANGUAGE_STANDARD = gnu11;
				GCC_DYNAMIC_NO_PIC = NO;
				GCC_NO_COMMON_BLOCKS = YES;
				GCC_OPTIMIZATION_LEVEL = 0;
				GCC_PREPROCESSOR_DEFINITIONS = (
					"DEBUG=1",
					"$(inherited)",
				);
				GCC_WARN_64_TO_32_BIT_CONVERSION = YES;
				GCC_WARN_ABOUT_RETURN_TYPE = YES_ERROR;
				GCC_WARN_UNDECLARED_SELECTOR = YES;
				GCC_WARN_UNINITIALIZED_AUTOS = YES_AGGRESSIVE;
				GCC_WARN_UNUSED_FUNCTION = YES;
				GCC_WARN_UNUSED_VARIABLE = YES;
				MTL_ENABLE_DEBUG_INFO = INCLUDE_SOURCE;
				MTL_FAST_MATH = YES;
				ONLY_ACTIVE_ARCH = YES;
				SWIFT_ACTIVE_COMPILATION_CONDITIONS = DEBUG;
				SWIFT_OPTIMIZATION_LEVEL = "-Onone";
			};
			name = Debug;
		};
		1DA6AF642B0401BE005653D2 /* Release */ = {
			isa = XCBuildConfiguration;
			buildSettings = {
				ALWAYS_SEARCH_USER_PATHS = NO;
				CLANG_ANALYZER_NONNULL = YES;
				CLANG_ANALYZER_NUMBER_OBJECT_CONVERSION = YES_AGGRESSIVE;
				CLANG_CXX_LANGUAGE_STANDARD = "gnu++20";
				CLANG_ENABLE_MODULES = YES;
				CLANG_ENABLE_OBJC_ARC = YES;
				CLANG_ENABLE_OBJC_WEAK = YES;
				CLANG_WARN_BLOCK_CAPTURE_AUTORELEASING = YES;
				CLANG_WARN_BOOL_CONVERSION = YES;
				CLANG_WARN_COMMA = YES;
				CLANG_WARN_CONSTANT_CONVERSION = YES;
				CLANG_WARN_DEPRECATED_OBJC_IMPLEMENTATIONS = YES;
				CLANG_WARN_DIRECT_OBJC_ISA_USAGE = YES_ERROR;
				CLANG_WARN_DOCUMENTATION_COMMENTS = YES;
				CLANG_WARN_EMPTY_BODY = YES;
				CLANG_WARN_ENUM_CONVERSION = YES;
				CLANG_WARN_INFINITE_RECURSION = YES;
				CLANG_WARN_INT_CONVERSION = YES;
				CLANG_WARN_NON_LITERAL_NULL_CONVERSION = YES;
				CLANG_WARN_OBJC_IMPLICIT_RETAIN_SELF = YES;
				CLANG_WARN_OBJC_LITERAL_CONVERSION = YES;
				CLANG_WARN_OBJC_ROOT_CLASS = YES_ERROR;
				CLANG_WARN_QUOTED_INCLUDE_IN_FRAMEWORK_HEADER = YES;
				CLANG_WARN_RANGE_LOOP_ANALYSIS = YES;
				CLANG_WARN_STRICT_PROTOTYPES = YES;
				CLANG_WARN_SUSPICIOUS_MOVE = YES;
				CLANG_WARN_UNGUARDED_AVAILABILITY = YES_AGGRESSIVE;
				CLANG_WARN_UNREACHABLE_CODE = YES;
				CLANG_WARN__DUPLICATE_METHOD_MATCH = YES;
				COPY_PHASE_STRIP = NO;
				DEBUG_INFORMATION_FORMAT = "dwarf-with-dsym";
				ENABLE_NS_ASSERTIONS = NO;
				ENABLE_STRICT_OBJC_MSGSEND = YES;
				GCC_C_LANGUAGE_STANDARD = gnu11;
				GCC_NO_COMMON_BLOCKS = YES;
				GCC_WARN_64_TO_32_BIT_CONVERSION = YES;
				GCC_WARN_ABOUT_RETURN_TYPE = YES_ERROR;
				GCC_WARN_UNDECLARED_SELECTOR = YES;
				GCC_WARN_UNINITIALIZED_AUTOS = YES_AGGRESSIVE;
				GCC_WARN_UNUSED_FUNCTION = YES;
				GCC_WARN_UNUSED_VARIABLE = YES;
				MTL_ENABLE_DEBUG_INFO = NO;
				MTL_FAST_MATH = YES;
				SWIFT_COMPILATION_MODE = wholemodule;
				SWIFT_OPTIMIZATION_LEVEL = "-O";
			};
			name = Release;
		};
		1DA6AF662B0401BE005653D2 /* Debug */ = {
			isa = XCBuildConfiguration;
			buildSettings = {
				ASSETCATALOG_COMPILER_APPICON_NAME = AppIcon;
				ASSETCATALOG_COMPILER_GLOBAL_ACCENT_COLOR_NAME = AccentColor;
				CODE_SIGN_ENTITLEMENTS = "marvel-practica-swiftui/marvel_practica_swiftui.entitlements";
				CODE_SIGN_STYLE = Automatic;
				CURRENT_PROJECT_VERSION = 1;
				DEVELOPMENT_ASSET_PATHS = "\"marvel-practica-swiftui/Preview Content\"";
				ENABLE_PREVIEWS = YES;
				GENERATE_INFOPLIST_FILE = YES;
				INFOPLIST_FILE = "marvel-practica-swiftui/Info.plist";
				"INFOPLIST_KEY_UIApplicationSceneManifest_Generation[sdk=iphoneos*]" = YES;
				"INFOPLIST_KEY_UIApplicationSceneManifest_Generation[sdk=iphonesimulator*]" = YES;
				"INFOPLIST_KEY_UIApplicationSupportsIndirectInputEvents[sdk=iphoneos*]" = YES;
				"INFOPLIST_KEY_UIApplicationSupportsIndirectInputEvents[sdk=iphonesimulator*]" = YES;
				"INFOPLIST_KEY_UILaunchScreen_Generation[sdk=iphoneos*]" = YES;
				"INFOPLIST_KEY_UILaunchScreen_Generation[sdk=iphonesimulator*]" = YES;
				"INFOPLIST_KEY_UIStatusBarStyle[sdk=iphoneos*]" = UIStatusBarStyleDefault;
				"INFOPLIST_KEY_UIStatusBarStyle[sdk=iphonesimulator*]" = UIStatusBarStyleDefault;
				INFOPLIST_KEY_UISupportedInterfaceOrientations_iPad = "UIInterfaceOrientationPortrait UIInterfaceOrientationPortraitUpsideDown UIInterfaceOrientationLandscapeLeft UIInterfaceOrientationLandscapeRight";
				INFOPLIST_KEY_UISupportedInterfaceOrientations_iPhone = "UIInterfaceOrientationPortrait UIInterfaceOrientationLandscapeLeft UIInterfaceOrientationLandscapeRight";
				IPHONEOS_DEPLOYMENT_TARGET = 16.4;
				LD_RUNPATH_SEARCH_PATHS = "@executable_path/Frameworks";
				"LD_RUNPATH_SEARCH_PATHS[sdk=macosx*]" = "@executable_path/../Frameworks";
				MACOSX_DEPLOYMENT_TARGET = 13.3;
				MARKETING_VERSION = 1.0;
				PRODUCT_BUNDLE_IDENTIFIER = "com.diferent.marvel-practica-swiftui";
				PRODUCT_NAME = "$(TARGET_NAME)";
				SDKROOT = auto;
				SUPPORTED_PLATFORMS = "iphoneos iphonesimulator macosx";
				SWIFT_EMIT_LOC_STRINGS = YES;
				SWIFT_VERSION = 5.0;
				TARGETED_DEVICE_FAMILY = "1,2";
			};
			name = Debug;
		};
		1DA6AF672B0401BE005653D2 /* Release */ = {
			isa = XCBuildConfiguration;
			buildSettings = {
				ASSETCATALOG_COMPILER_APPICON_NAME = AppIcon;
				ASSETCATALOG_COMPILER_GLOBAL_ACCENT_COLOR_NAME = AccentColor;
				CODE_SIGN_ENTITLEMENTS = "marvel-practica-swiftui/marvel_practica_swiftui.entitlements";
				CODE_SIGN_STYLE = Automatic;
				CURRENT_PROJECT_VERSION = 1;
				DEVELOPMENT_ASSET_PATHS = "\"marvel-practica-swiftui/Preview Content\"";
				ENABLE_PREVIEWS = YES;
				GENERATE_INFOPLIST_FILE = YES;
				INFOPLIST_FILE = "marvel-practica-swiftui/Info.plist";
				"INFOPLIST_KEY_UIApplicationSceneManifest_Generation[sdk=iphoneos*]" = YES;
				"INFOPLIST_KEY_UIApplicationSceneManifest_Generation[sdk=iphonesimulator*]" = YES;
				"INFOPLIST_KEY_UIApplicationSupportsIndirectInputEvents[sdk=iphoneos*]" = YES;
				"INFOPLIST_KEY_UIApplicationSupportsIndirectInputEvents[sdk=iphonesimulator*]" = YES;
				"INFOPLIST_KEY_UILaunchScreen_Generation[sdk=iphoneos*]" = YES;
				"INFOPLIST_KEY_UILaunchScreen_Generation[sdk=iphonesimulator*]" = YES;
				"INFOPLIST_KEY_UIStatusBarStyle[sdk=iphoneos*]" = UIStatusBarStyleDefault;
				"INFOPLIST_KEY_UIStatusBarStyle[sdk=iphonesimulator*]" = UIStatusBarStyleDefault;
				INFOPLIST_KEY_UISupportedInterfaceOrientations_iPad = "UIInterfaceOrientationPortrait UIInterfaceOrientationPortraitUpsideDown UIInterfaceOrientationLandscapeLeft UIInterfaceOrientationLandscapeRight";
				INFOPLIST_KEY_UISupportedInterfaceOrientations_iPhone = "UIInterfaceOrientationPortrait UIInterfaceOrientationLandscapeLeft UIInterfaceOrientationLandscapeRight";
				IPHONEOS_DEPLOYMENT_TARGET = 16.4;
				LD_RUNPATH_SEARCH_PATHS = "@executable_path/Frameworks";
				"LD_RUNPATH_SEARCH_PATHS[sdk=macosx*]" = "@executable_path/../Frameworks";
				MACOSX_DEPLOYMENT_TARGET = 13.3;
				MARKETING_VERSION = 1.0;
				PRODUCT_BUNDLE_IDENTIFIER = "com.diferent.marvel-practica-swiftui";
				PRODUCT_NAME = "$(TARGET_NAME)";
				SDKROOT = auto;
				SUPPORTED_PLATFORMS = "iphoneos iphonesimulator macosx";
				SWIFT_EMIT_LOC_STRINGS = YES;
				SWIFT_VERSION = 5.0;
				TARGETED_DEVICE_FAMILY = "1,2";
			};
			name = Release;
		};
		1DA6AF692B0401BE005653D2 /* Debug */ = {
			isa = XCBuildConfiguration;
			buildSettings = {
				ALWAYS_EMBED_SWIFT_STANDARD_LIBRARIES = YES;
				BUNDLE_LOADER = "$(TEST_HOST)";
				CODE_SIGN_STYLE = Automatic;
				CURRENT_PROJECT_VERSION = 1;
				GENERATE_INFOPLIST_FILE = YES;
				IPHONEOS_DEPLOYMENT_TARGET = 16.4;
				MACOSX_DEPLOYMENT_TARGET = 13.3;
				MARKETING_VERSION = 1.0;
				PRODUCT_BUNDLE_IDENTIFIER = "com.diferent.marvel-practica-swiftuiTests";
				PRODUCT_NAME = "$(TARGET_NAME)";
				SDKROOT = auto;
				SUPPORTED_PLATFORMS = "iphoneos iphonesimulator macosx";
				SWIFT_EMIT_LOC_STRINGS = NO;
				SWIFT_VERSION = 5.0;
				TARGETED_DEVICE_FAMILY = "1,2";
				TEST_HOST = "$(BUILT_PRODUCTS_DIR)/marvel-practica-swiftui.app/$(BUNDLE_EXECUTABLE_FOLDER_PATH)/marvel-practica-swiftui";
			};
			name = Debug;
		};
		1DA6AF6A2B0401BE005653D2 /* Release */ = {
			isa = XCBuildConfiguration;
			buildSettings = {
				ALWAYS_EMBED_SWIFT_STANDARD_LIBRARIES = YES;
				BUNDLE_LOADER = "$(TEST_HOST)";
				CODE_SIGN_STYLE = Automatic;
				CURRENT_PROJECT_VERSION = 1;
				GENERATE_INFOPLIST_FILE = YES;
				IPHONEOS_DEPLOYMENT_TARGET = 16.4;
				MACOSX_DEPLOYMENT_TARGET = 13.3;
				MARKETING_VERSION = 1.0;
				PRODUCT_BUNDLE_IDENTIFIER = "com.diferent.marvel-practica-swiftuiTests";
				PRODUCT_NAME = "$(TARGET_NAME)";
				SDKROOT = auto;
				SUPPORTED_PLATFORMS = "iphoneos iphonesimulator macosx";
				SWIFT_EMIT_LOC_STRINGS = NO;
				SWIFT_VERSION = 5.0;
				TARGETED_DEVICE_FAMILY = "1,2";
				TEST_HOST = "$(BUILT_PRODUCTS_DIR)/marvel-practica-swiftui.app/$(BUNDLE_EXECUTABLE_FOLDER_PATH)/marvel-practica-swiftui";
			};
			name = Release;
		};
		1DA6AF6C2B0401BE005653D2 /* Debug */ = {
			isa = XCBuildConfiguration;
			buildSettings = {
				ALWAYS_EMBED_SWIFT_STANDARD_LIBRARIES = YES;
				CODE_SIGN_STYLE = Automatic;
				CURRENT_PROJECT_VERSION = 1;
				GENERATE_INFOPLIST_FILE = YES;
				IPHONEOS_DEPLOYMENT_TARGET = 16.4;
				MACOSX_DEPLOYMENT_TARGET = 13.3;
				MARKETING_VERSION = 1.0;
				PRODUCT_BUNDLE_IDENTIFIER = "com.diferent.marvel-practica-swiftuiUITests";
				PRODUCT_NAME = "$(TARGET_NAME)";
				SDKROOT = auto;
				SUPPORTED_PLATFORMS = "iphoneos iphonesimulator macosx";
				SWIFT_EMIT_LOC_STRINGS = NO;
				SWIFT_VERSION = 5.0;
				TARGETED_DEVICE_FAMILY = "1,2";
				TEST_TARGET_NAME = "marvel-practica-swiftui";
			};
			name = Debug;
		};
		1DA6AF6D2B0401BE005653D2 /* Release */ = {
			isa = XCBuildConfiguration;
			buildSettings = {
				ALWAYS_EMBED_SWIFT_STANDARD_LIBRARIES = YES;
				CODE_SIGN_STYLE = Automatic;
				CURRENT_PROJECT_VERSION = 1;
				GENERATE_INFOPLIST_FILE = YES;
				IPHONEOS_DEPLOYMENT_TARGET = 16.4;
				MACOSX_DEPLOYMENT_TARGET = 13.3;
				MARKETING_VERSION = 1.0;
				PRODUCT_BUNDLE_IDENTIFIER = "com.diferent.marvel-practica-swiftuiUITests";
				PRODUCT_NAME = "$(TARGET_NAME)";
				SDKROOT = auto;
				SUPPORTED_PLATFORMS = "iphoneos iphonesimulator macosx";
				SWIFT_EMIT_LOC_STRINGS = NO;
				SWIFT_VERSION = 5.0;
				TARGETED_DEVICE_FAMILY = "1,2";
				TEST_TARGET_NAME = "marvel-practica-swiftui";
			};
			name = Release;
		};
/* End XCBuildConfiguration section */

/* Begin XCConfigurationList section */
		1DA6AF3B2B0401BA005653D2 /* Build configuration list for PBXProject "marvel-practica-swiftui" */ = {
			isa = XCConfigurationList;
			buildConfigurations = (
				1DA6AF632B0401BE005653D2 /* Debug */,
				1DA6AF642B0401BE005653D2 /* Release */,
			);
			defaultConfigurationIsVisible = 0;
			defaultConfigurationName = Release;
		};
		1DA6AF652B0401BE005653D2 /* Build configuration list for PBXNativeTarget "marvel-practica-swiftui" */ = {
			isa = XCConfigurationList;
			buildConfigurations = (
				1DA6AF662B0401BE005653D2 /* Debug */,
				1DA6AF672B0401BE005653D2 /* Release */,
			);
			defaultConfigurationIsVisible = 0;
			defaultConfigurationName = Release;
		};
		1DA6AF682B0401BE005653D2 /* Build configuration list for PBXNativeTarget "marvel-practica-swiftuiTests" */ = {
			isa = XCConfigurationList;
			buildConfigurations = (
				1DA6AF692B0401BE005653D2 /* Debug */,
				1DA6AF6A2B0401BE005653D2 /* Release */,
			);
			defaultConfigurationIsVisible = 0;
			defaultConfigurationName = Release;
		};
		1DA6AF6B2B0401BE005653D2 /* Build configuration list for PBXNativeTarget "marvel-practica-swiftuiUITests" */ = {
			isa = XCConfigurationList;
			buildConfigurations = (
				1DA6AF6C2B0401BE005653D2 /* Debug */,
				1DA6AF6D2B0401BE005653D2 /* Release */,
			);
			defaultConfigurationIsVisible = 0;
			defaultConfigurationName = Release;
		};
/* End XCConfigurationList section */

/* Begin XCRemoteSwiftPackageReference section */
		1D6919342B0695840002E5BE /* XCRemoteSwiftPackageReference "ViewInspector" */ = {
			isa = XCRemoteSwiftPackageReference;
			repositoryURL = "https://github.com/nalexn/ViewInspector";
			requirement = {
				kind = upToNextMajorVersion;
				minimumVersion = 0.9.8;
			};
		};
/* End XCRemoteSwiftPackageReference section */

/* Begin XCSwiftPackageProductDependency section */
		1D6919352B0695840002E5BE /* ViewInspector */ = {
			isa = XCSwiftPackageProductDependency;
			package = 1D6919342B0695840002E5BE /* XCRemoteSwiftPackageReference "ViewInspector" */;
			productName = ViewInspector;
		};
/* End XCSwiftPackageProductDependency section */
	};
	rootObject = 1DA6AF382B0401BA005653D2 /* Project object */;
}
